
Microsoft Visual Studio Solution File, Format Version 12.00
# Visual Studio Version 16
VisualStudioVersion = 16.0.30523.141
MinimumVisualStudioVersion = 10.0.40219.1
Project("{FAE04EC0-301F-11D3-BF4B-00C04F79EFBC}") = "BrownianMotion", "BrownianMotion\BrownianMotion.csproj", "{67A927B0-88EF-4892-A9FB-14A4654C14D6}"
EndProject
Global
	GlobalSection(SolutionConfigurationPlatforms) = preSolution
		Debug|Any CPU = Debug|Any CPU
		Release|Any CPU = Release|Any CPU
	EndGlobalSection
	GlobalSection(ProjectConfigurationPlatforms) = postSolution
		{67A927B0-88EF-4892-A9FB-14A4654C14D6}.Debug|Any CPU.ActiveCfg = Debug|Any CPU
		{67A927B0-88EF-4892-A9FB-14A4654C14D6}.Debug|Any CPU.Build.0 = Debug|Any CPU
		{67A927B0-88EF-4892-A9FB-14A4654C14D6}.Release|Any CPU.ActiveCfg = Release|Any CPU
		{67A927B0-88EF-4892-A9FB-14A4654C14D6}.Release|Any CPU.Build.0 = Release|Any CPU
	EndGlobalSection
	GlobalSection(SolutionProperties) = preSolution
		HideSolutionNode = FALSE
	EndGlobalSection
	GlobalSection(ExtensibilityGlobals) = postSolution
		SolutionGuid = {44E101B2-5C9F-41F4-A1FF-79EC9DA6913C}
	EndGlobalSection
EndGlobal
